
Microsoft Visual Studio Solution File, Format Version 12.00
# Visual Studio Version 16
VisualStudioVersion = 16.0.30128.74
MinimumVisualStudioVersion = 10.0.40219.1
Project("{9A19103F-16F7-4668-BE54-9A1E7A4F7556}") = "BlazorMovies.Server", "BlazorMovies\Server\BlazorMovies.Server.csproj", "{BE25BF89-B775-4A1B-9724-89DA7771F99B}"
EndProject
Project("{9A19103F-16F7-4668-BE54-9A1E7A4F7556}") = "BlazorMovies.Client", "BlazorMovies\Client\BlazorMovies.Client.csproj", "{E45127C2-667E-4C0E-98AA-D4EBA3A7808E}"
EndProject
Project("{9A19103F-16F7-4668-BE54-9A1E7A4F7556}") = "BlazorMovies.Shared", "BlazorMovies\Shared\BlazorMovies.Shared.csproj", "{92FD7F8A-2F88-48D0-898B-AABB27580319}"
EndProject
Global
	GlobalSection(SolutionConfigurationPlatforms) = preSolution
		Debug|Any CPU = Debug|Any CPU
		Release|Any CPU = Release|Any CPU
	EndGlobalSection
	GlobalSection(ProjectConfigurationPlatforms) = postSolution
		{BE25BF89-B775-4A1B-9724-89DA7771F99B}.Debug|Any CPU.ActiveCfg = Debug|Any CPU
		{BE25BF89-B775-4A1B-9724-89DA7771F99B}.Debug|Any CPU.Build.0 = Debug|Any CPU
		{BE25BF89-B775-4A1B-9724-89DA7771F99B}.Release|Any CPU.ActiveCfg = Release|Any CPU
		{BE25BF89-B775-4A1B-9724-89DA7771F99B}.Release|Any CPU.Build.0 = Release|Any CPU
		{E45127C2-667E-4C0E-98AA-D4EBA3A7808E}.Debug|Any CPU.ActiveCfg = Debug|Any CPU
		{E45127C2-667E-4C0E-98AA-D4EBA3A7808E}.Debug|Any CPU.Build.0 = Debug|Any CPU
		{E45127C2-667E-4C0E-98AA-D4EBA3A7808E}.Release|Any CPU.ActiveCfg = Release|Any CPU
		{E45127C2-667E-4C0E-98AA-D4EBA3A7808E}.Release|Any CPU.Build.0 = Release|Any CPU
		{92FD7F8A-2F88-48D0-898B-AABB27580319}.Debug|Any CPU.ActiveCfg = Debug|Any CPU
		{92FD7F8A-2F88-48D0-898B-AABB27580319}.Debug|Any CPU.Build.0 = Debug|Any CPU
		{92FD7F8A-2F88-48D0-898B-AABB27580319}.Release|Any CPU.ActiveCfg = Release|Any CPU
		{92FD7F8A-2F88-48D0-898B-AABB27580319}.Release|Any CPU.Build.0 = Release|Any CPU
	EndGlobalSection
	GlobalSection(SolutionProperties) = preSolution
		HideSolutionNode = FALSE
	EndGlobalSection
	GlobalSection(ExtensibilityGlobals) = postSolution
		SolutionGuid = {1AF7E70A-A1E5-49C7-A2DD-AF03CD16C2F4}
	EndGlobalSection
EndGlobal
